{
  "projects": [
    {
      "projectId": "seaQhLVS4bbjiGvJJrRwyL",
      "version": "15.0.3",
      "dependencies": {},
      "lang": "js",
      "fileLocks": [
        {
          "assetId": "seaQhLVS4bbjiGvJJrRwyL",
          "type": "projectCss",
          "checksum": "27db00cb356a331a9fd0f219c2cde5cc"
        }
      ],
      "codegenVersion": "0.0.1"
    },
    {
      "projectId": "ozcq8GxerrF1WYaqjsW34y",
      "version": "latest",
      "dependencies": {
        "seaQhLVS4bbjiGvJJrRwyL": "15.0.3"
      },
      "lang": "js",
      "fileLocks": [
        {
          "type": "globalVariant",
          "assetId": "sOxgEMpX5wMfyx",
          "checksum": "9737280e7947cc89e41fc14ffed75ef3"
        },
        {
          "assetId": "ozcq8GxerrF1WYaqjsW34y",
          "type": "projectCss",
          "checksum": "a47efd1e382035d73b2b067eb945f5d7"
        },
        {
          "type": "renderModule",
          "assetId": "UjjZHnMR6P0wv",
          "checksum": "6e0d8f5efec9b6fa8e3824237dce5e78"
        },
        {
          "type": "cssRules",
          "assetId": "UjjZHnMR6P0wv",
          "checksum": "6e0d8f5efec9b6fa8e3824237dce5e78"
        },
        {
          "type": "renderModule",
          "assetId": "bQMthM1hHKi7g",
          "checksum": "1c0bf70661fb0352d7cdce8eb578e657"
        },
        {
          "type": "cssRules",
          "assetId": "bQMthM1hHKi7g",
          "checksum": "1c0bf70661fb0352d7cdce8eb578e657"
        },
        {
          "type": "renderModule",
          "assetId": "Ds72FX0K-kOF2Y",
          "checksum": "d4d0cfc888ad8832703e7e227063b975"
        },
        {
          "type": "cssRules",
          "assetId": "Ds72FX0K-kOF2Y",
          "checksum": "d4d0cfc888ad8832703e7e227063b975"
        },
        {
          "type": "renderModule",
          "assetId": "0qu_kH_ddiMZdR",
          "checksum": "9e03fef445016f7a0fbfbc7558be67ed"
        },
        {
          "type": "cssRules",
          "assetId": "0qu_kH_ddiMZdR",
          "checksum": "9e03fef445016f7a0fbfbc7558be67ed"
        },
        {
          "type": "renderModule",
          "assetId": "Pn5M_QzIQn7ZB3",
          "checksum": "6a95c216e57414f0f2f33022a6d29ebc"
        },
        {
          "type": "cssRules",
          "assetId": "Pn5M_QzIQn7ZB3",
          "checksum": "6a95c216e57414f0f2f33022a6d29ebc"
        },
        {
          "type": "renderModule",
          "assetId": "E6EaS9_QHu4_4J",
          "checksum": "edfbe50652b25656c12f4f579c40bc38"
        },
        {
          "type": "cssRules",
          "assetId": "E6EaS9_QHu4_4J",
          "checksum": "edfbe50652b25656c12f4f579c40bc38"
        },
        {
          "type": "renderModule",
          "assetId": "SxqxDSLnmgD05-",
          "checksum": "4ec0f3cffd6b0057ef467c554328c293"
        },
        {
          "type": "cssRules",
          "assetId": "SxqxDSLnmgD05-",
          "checksum": "4ec0f3cffd6b0057ef467c554328c293"
        },
        {
          "type": "renderModule",
          "assetId": "V-Evw1O_93TrWQ",
          "checksum": "33b09afa472d6a1023a65f7765e2d474"
        },
        {
          "type": "cssRules",
          "assetId": "V-Evw1O_93TrWQ",
          "checksum": "33b09afa472d6a1023a65f7765e2d474"
        },
        {
          "type": "renderModule",
          "assetId": "OzNhyBBwnUWeMi",
          "checksum": "0342cffdad93b69e87494c292aed5321"
        },
        {
          "type": "cssRules",
          "assetId": "OzNhyBBwnUWeMi",
          "checksum": "0342cffdad93b69e87494c292aed5321"
        },
        {
          "type": "renderModule",
          "assetId": "9S_qTaYwkjYj0t",
          "checksum": "b37d853394b29a15ffdd97da9ba14d18"
        },
        {
          "type": "cssRules",
          "assetId": "9S_qTaYwkjYj0t",
          "checksum": "b37d853394b29a15ffdd97da9ba14d18"
        },
        {
          "type": "renderModule",
          "assetId": "i_CB3Iz86wnVaI",
          "checksum": "17b2ba1c542f1d51a7284957cb49bea2"
        },
        {
          "type": "cssRules",
          "assetId": "i_CB3Iz86wnVaI",
          "checksum": "17b2ba1c542f1d51a7284957cb49bea2"
        },
        {
          "type": "renderModule",
          "assetId": "thE0NQ9e6rBHAu",
          "checksum": "6b469f49ee89a179c7b79f21b5a59df1"
        },
        {
          "type": "cssRules",
          "assetId": "thE0NQ9e6rBHAu",
          "checksum": "6b469f49ee89a179c7b79f21b5a59df1"
        },
        {
          "type": "renderModule",
          "assetId": "keSq6YDh49oPso",
          "checksum": "cf9c3cdf6388956ae7a2e94d6a5c4ef2"
        },
        {
          "type": "cssRules",
          "assetId": "keSq6YDh49oPso",
          "checksum": "cf9c3cdf6388956ae7a2e94d6a5c4ef2"
        },
        {
          "type": "renderModule",
          "assetId": "Ydqp5FxoI2V8ei",
          "checksum": "8a9fb2b0c87132fe1ba9ca076d094400"
        },
        {
          "type": "cssRules",
          "assetId": "Ydqp5FxoI2V8ei",
          "checksum": "8a9fb2b0c87132fe1ba9ca076d094400"
        },
        {
          "type": "renderModule",
          "assetId": "zrbm_cXqG-RFfk",
          "checksum": "9f281de3f62a28506adf7cb11521c97b"
        },
        {
          "type": "cssRules",
          "assetId": "zrbm_cXqG-RFfk",
          "checksum": "9f281de3f62a28506adf7cb11521c97b"
        },
        {
          "type": "renderModule",
          "assetId": "3tDL19eWjmDl1l",
          "checksum": "445131816d73fd64d094e97557063d3c"
        },
        {
          "type": "cssRules",
          "assetId": "3tDL19eWjmDl1l",
          "checksum": "445131816d73fd64d094e97557063d3c"
        },
        {
          "type": "renderModule",
          "assetId": "vWwDb0TyLd6cj0",
          "checksum": "5e9eaa4feaa3b187e51d98a88ffa3c83"
        },
        {
          "type": "cssRules",
          "assetId": "vWwDb0TyLd6cj0",
          "checksum": "5e9eaa4feaa3b187e51d98a88ffa3c83"
        },
        {
          "type": "renderModule",
          "assetId": "sMoyg3EwcXz4G9",
          "checksum": "02d1c7c39cec09412f4539de0de07fe5"
        },
        {
          "type": "cssRules",
          "assetId": "sMoyg3EwcXz4G9",
          "checksum": "02d1c7c39cec09412f4539de0de07fe5"
        },
        {
          "type": "renderModule",
          "assetId": "9EvttANvdSKObI",
          "checksum": "3006a342371cc273c02f8df357ffbd0d"
        },
        {
          "type": "cssRules",
          "assetId": "9EvttANvdSKObI",
          "checksum": "3006a342371cc273c02f8df357ffbd0d"
        },
        {
          "type": "renderModule",
          "assetId": "EJ1bF5qzxkB-xV",
          "checksum": "d9d24846ed6d7b5cf13b615d1bb24879"
        },
        {
          "type": "cssRules",
          "assetId": "EJ1bF5qzxkB-xV",
          "checksum": "d9d24846ed6d7b5cf13b615d1bb24879"
        },
        {
          "type": "icon",
          "assetId": "dbDcNBs4Nq239h",
          "checksum": "b6a88746500af470649ddfa4f86bbf77"
        },
        {
          "type": "icon",
          "assetId": "Twr8G9ILuURQgC",
          "checksum": "a10f0c5f47b9bbebe4b2344c136093d0"
        },
        {
          "type": "icon",
          "assetId": "Du00eP-qkQcyO6",
          "checksum": "d23c423051facbf47c0bb98d78d5d806"
        },
        {
          "type": "icon",
          "assetId": "Gqp0Q7Cd2pEvEi",
          "checksum": "c43e9d97634c7a135b2ceb8f682252d4"
        },
        {
          "type": "icon",
          "assetId": "Y7F4yucfRRVxUJ",
          "checksum": "4e0715a7693a000e42a96c63a12ec0cd"
        },
        {
          "type": "icon",
          "assetId": "d4GQ1KuuMMTkBs",
          "checksum": "4d3a2c67e0e6bded69573fe82df7660b"
        },
        {
          "type": "icon",
          "assetId": "lZknPO5uG9515O",
          "checksum": "6b3cd189beb1b32025dfd83e3a2f6ae8"
        },
        {
          "type": "icon",
          "assetId": "l8AaRkXSeHyfEI",
          "checksum": "5187fa3a36ab6a4ffea13970c1403729"
        },
        {
          "type": "icon",
          "assetId": "f-IPYB2Iz2c61Y",
          "checksum": "d791a95a64c3d3fa61061a5308a98e67"
        },
        {
          "type": "icon",
          "assetId": "7rCjIT_bIxytHW",
          "checksum": "d684e873c9770403a84b1a0a50a47c23"
        },
        {
          "type": "icon",
          "assetId": "Yg9oBbbcunn4oH",
          "checksum": "3e51ed469cc0fc4e8f153c6c407fc5f3"
        },
        {
          "type": "icon",
          "assetId": "6PD_oZsZWTZt3t",
          "checksum": "ac71ed0a9e10591d94c81ba72bdf51c1"
        },
        {
          "type": "icon",
          "assetId": "frBLqQ705DWxAc",
          "checksum": "4591d24596fb4d9d3be7fa627b40c600"
        },
        {
          "type": "icon",
          "assetId": "OjRYo5HiK1BIEX",
          "checksum": "165f888254c1d503f3f9c4c865a7ae96"
        },
        {
          "type": "icon",
          "assetId": "5jrz-7UMMgF4fI",
          "checksum": "d07312865d03da882c9bf11a840f7349"
        },
        {
          "type": "icon",
          "assetId": "GWMw1fMvLCyP3Y",
          "checksum": "4fd0c59e9ae5bef49335f4e0f7cd1ad5"
        },
        {
          "type": "icon",
          "assetId": "nwrYEyWGBGkArz",
          "checksum": "f0a47b503ee718be55011c553edca5df"
        },
        {
          "type": "icon",
          "assetId": "ltwRL0I3A9Fa5u",
          "checksum": "f090618beee2bfe4c9ca565a64b5d63f"
        },
        {
          "type": "icon",
          "assetId": "balrGAwrw01e0o",
          "checksum": "6767723a6c99c29ffceba4c8959985f5"
        },
        {
          "type": "icon",
          "assetId": "RoL_y-hcNN8omK",
          "checksum": "2302ede7b16d55fe0a42b26d84519bce"
        },
        {
          "type": "icon",
          "assetId": "DyfG5qeOU2Bw0h",
          "checksum": "0ce111493b979c1290833bfac2bc72fc"
        },
        {
          "type": "icon",
          "assetId": "N3zuMpArvgBzsN",
          "checksum": "4720d3bdfa24a69584f5716785557638"
        },
        {
          "type": "icon",
          "assetId": "le9jVYTVBu1qJc",
          "checksum": "61b6a277cf85d72e8dda580d657a8148"
        },
        {
          "type": "icon",
          "assetId": "Mr2BcpWHMWeOSR",
          "checksum": "029da6bd4d9020c8ae722c5c43781b9d"
        },
        {
          "type": "icon",
          "assetId": "qgy8YAstnC8TKR",
          "checksum": "ac89c1a42be946b8f04106dc1c6e2339"
        },
        {
          "type": "icon",
          "assetId": "mTVxA2jHltu8AS",
          "checksum": "9624c4493fd7f5541e111913f53bf3fe"
        },
        {
          "type": "icon",
          "assetId": "5SGsJUpStWq5Qy",
          "checksum": "24c9a1738a94e2879026c56c46988a32"
        },
        {
          "type": "icon",
          "assetId": "yPw-LbBqdaELPO",
          "checksum": "d99303d0635149a397bc808ae4e6d87b"
        },
        {
          "type": "icon",
          "assetId": "HgALiEIE2_mp9y",
          "checksum": "7ab8a2610dc8525c740d3c298d26ff5b"
        },
        {
          "type": "icon",
          "assetId": "AwQWMO6tSqwvur",
          "checksum": "fae15c913cd1cd1602e074f13ceac3f0"
        },
        {
          "type": "icon",
          "assetId": "F6V2Ff_aUgTp9k",
          "checksum": "9ed77f86a6fe3bcc5d1dd4d26df0b791"
        },
        {
          "type": "image",
          "assetId": "aK0PsDx3YawW9F",
          "checksum": "3de4bd5244e235fb785be71cfe1eb008"
        },
        {
          "type": "image",
          "assetId": "ZyT-CRzQD1xP2u",
          "checksum": "389b88a3c1796c5807d1dda6d3ebb10f"
        },
        {
          "type": "image",
          "assetId": "Us3NPrvBL7CZAL",
          "checksum": "38bba1c2f9d6d91028ae844d933405df"
        },
        {
          "type": "image",
          "assetId": "6KNW5HlG0NOZmC",
          "checksum": "b35984429c2c05f615aa80f53347ab7c"
        },
        {
          "type": "image",
          "assetId": "NUYyWLF4ZL1cxa",
          "checksum": "e821024e7d3efcbac4f3a92f714c5796"
        },
        {
          "type": "image",
          "assetId": "Nqr00QQ1MYrLBa",
          "checksum": "940704f4a1d04ae2e30e1aeb23941a8d"
        },
        {
          "type": "image",
          "assetId": "gc8xZuPE-E3XRI",
          "checksum": "094d934a463f7217d160e5344d37d5c5"
        },
        {
          "type": "image",
          "assetId": "ZSFejOqYuGucyL",
          "checksum": "8d0dfaee79074b7d059ecda13f427a4d"
        },
        {
          "type": "image",
          "assetId": "zPeaqAnQ-lspkp",
          "checksum": "72869f099d38fe8ecdad535d46d5cb7c"
        },
        {
          "type": "image",
          "assetId": "I2s5O01IQn6SV6",
          "checksum": "7822febfc3d9e2a6128c21b700c22d8e"
        },
        {
          "type": "image",
          "assetId": "ijq0BYlEpgjyWY",
          "checksum": "812bc671a29ef0b564c94fe4ef967fa0"
        },
        {
          "type": "image",
          "assetId": "VGdmatAkcDT6oJ",
          "checksum": "61fd2f360205d3a703233da3c8233af5"
        },
        {
          "type": "image",
          "assetId": "lrXQDp5_TuHJ5I",
          "checksum": "a1bfc9ad62eb0794dc30e42938bbcdb7"
        },
        {
          "type": "image",
          "assetId": "DK61ATVTzlJWW6",
          "checksum": "e1775fe25b5bcf0f68c1d3697e920016"
        },
        {
          "type": "image",
          "assetId": "zCLyyOtWIVdNqF",
          "checksum": "73e4f718439d80d69fd4b1e8a080f4b0"
        },
        {
          "type": "image",
          "assetId": "37Q2zT7RcfLOqI",
          "checksum": "6a37ff4a884d96a9ed710083113679e4"
        },
        {
          "type": "image",
          "assetId": "MbxK1yc_CK9ie9",
          "checksum": "8d50a7bf5af16719cbe9c88e2ca7f632"
        },
        {
          "type": "image",
          "assetId": "EaPzvDahePxWo_",
          "checksum": "97c4429d3f077f1c258b6b47049e915b"
        },
        {
          "type": "image",
          "assetId": "xWFIDT3a6utjvQ",
          "checksum": "d97168c4c1afe59f33f5d10bd052e687"
        },
        {
          "type": "image",
          "assetId": "rwHjuOUnfgAge5",
          "checksum": "6b28156743fa5dedf5899b2075c27115"
        },
        {
          "type": "image",
          "assetId": "JBNHvBqCuVRbHv",
          "checksum": "fedda84aa481496b2f86b6c8c41e97ee"
        },
        {
          "type": "image",
          "assetId": "Mb1pAz45zoGhgJ",
          "checksum": "278ced0c10b54c6b05b173beaee4a2fd"
        },
        {
          "type": "image",
          "assetId": "JWp0C6B4mbvJQn",
          "checksum": "ce4fd89e9918b03d2b9037ee014f0c3b"
        },
        {
          "type": "image",
          "assetId": "CzpD78AX1lx6ht",
          "checksum": "6c628a1ef1f1d22e038adcc6d030eb69"
        },
        {
          "type": "image",
          "assetId": "uN8O-kzOrV_8Fa",
          "checksum": "66ccfdbd4d196f66926c438b4995d588"
        },
        {
          "type": "image",
          "assetId": "c9KymSoLgKFDUc",
          "checksum": "5e47f3a5fdbd2b08ddef93a065ac3301"
        },
        {
          "type": "image",
          "assetId": "94jvaeQZPuqaSn",
          "checksum": "b6e0c8f86dfe73547fef95cbaf0b8b37"
        },
        {
          "type": "image",
          "assetId": "USKfEYBMCXXvpg",
          "checksum": "71bc2c48798f8a77fcf0e98a6a2b3657"
        },
        {
          "type": "image",
          "assetId": "_BrwlfLrtS7jAx",
          "checksum": "933aed23fe71a4467abe96c8cec097c6"
        },
        {
          "type": "image",
          "assetId": "A_rAIRB_maCFIR",
          "checksum": "fd422484c5839942fe855c63b9e13c94"
        },
        {
          "type": "image",
          "assetId": "o3KFr3vQ40rKOw",
          "checksum": "de4dff7c65d1e8d280ca24a778050bf2"
        },
        {
          "type": "image",
          "assetId": "ZT1MHIquN0B9Dk",
          "checksum": "a8eb3bdfbb8c5378bab40a8e27869b4f"
        },
        {
          "type": "image",
          "assetId": "69mtM6ax-I_ZnF",
          "checksum": "ada8a47c54975d94f6ce80b6af33b34c"
        },
        {
          "type": "image",
          "assetId": "3p0n8h7VpkFfBE",
          "checksum": "2e18de64030b84de8aef3ce9bffe7bf2"
        },
        {
          "type": "image",
          "assetId": "K1CfPWBJd1VD76",
          "checksum": "479582c391f23fd965e790474a7cf261"
        },
        {
          "type": "image",
          "assetId": "zC1uzBmeQ-xks8",
          "checksum": "e1372fd5491307559fe54eff7c560674"
        },
        {
          "type": "image",
          "assetId": "uNkq6MnIpVIRFX",
          "checksum": "dcfc7bdcaa0c6acceb27d8b18bcfa43d"
        },
        {
          "type": "image",
          "assetId": "emITF8NBYWCTDv",
          "checksum": "dd6b9f178da6444dbb44a9ab587d3cb9"
        },
        {
          "type": "image",
          "assetId": "C6L1C8MPjCoBPJ",
          "checksum": "286df3c49ebbabb5302f3fc61e7d856f"
        },
        {
          "type": "image",
          "assetId": "Jur1-rNKmGbilj",
          "checksum": "e84b5a001ae5f14d4da5583728ee0d3f"
        },
        {
          "type": "image",
          "assetId": "fY6mVzsllwIo2l",
          "checksum": "72c1d9af3b45851f9ea415673553c987"
        },
        {
          "type": "image",
          "assetId": "s_c9DN8r35vnpr",
          "checksum": "d336f87f87369e7e51990db3d12853f9"
        },
        {
          "type": "image",
          "assetId": "pDX9Qa5KrKmFe_",
          "checksum": "13668846b47af5c20cf3c6baa8c14a90"
        },
        {
          "type": "image",
          "assetId": "VmNfGCgklisJox",
          "checksum": "c103e0582aaceab2029975d6805b364e"
        },
        {
          "type": "image",
          "assetId": "kV5-HJ_hwju5Oi",
          "checksum": "540e1110b5f6c6ae0d7402ad1da0e551"
        },
        {
          "type": "image",
          "assetId": "SBSmpYGIseSx-k",
          "checksum": "ab3eb023c5bec92a37410b2bdaa3fd47"
        },
        {
          "type": "image",
          "assetId": "zPzX4E2k21DeiP",
          "checksum": "d7813e4d3d96cacd42ae693224589c01"
        },
        {
          "type": "image",
          "assetId": "Hk3X-iVjVLetuW",
          "checksum": "feba151342e8fcab1439be3cdcbf8d81"
        },
        {
          "type": "image",
          "assetId": "4w-l0OSWGJCPpH",
          "checksum": "3a832aa7462c53be4933080b084c1d95"
        },
        {
          "type": "image",
          "assetId": "J3k37VICLQW2Xu",
          "checksum": "98b5759efa137a591c5f33d5ee61b86b"
        },
        {
          "type": "image",
          "assetId": "lQQzfK-CdzDDMA",
          "checksum": "961a931b6faa41287f32db38f2ce5d53"
        },
        {
          "type": "image",
          "assetId": "xJX6jtfF8rQxnW",
          "checksum": "117483951692ceae68552514a972e2a5"
        },
        {
          "type": "image",
          "assetId": "sUyKNjIhP4OyBN",
          "checksum": "d9d01ebf767b44dfc97a9c1e4e864714"
        },
        {
          "type": "image",
          "assetId": "1RGbnFdMwAmRSf",
          "checksum": "5eaed2281751dbe1de0424cc334eef8c"
        },
        {
          "type": "image",
          "assetId": "Se5ZQ5dUvPpDf5",
          "checksum": "880c7103019e82b53efd2b725c4328f4"
        },
        {
          "type": "image",
          "assetId": "ELO_K2M42U6Nm3",
          "checksum": "d980caf9898e0b8943c0290c22aa7ec2"
        }
      ],
      "codegenVersion": "0.0.1"
    }
  ],
  "cliVersion": "0.1.270"
}
